
Microsoft Visual Studio Solution File, Format Version 12.00
# Visual Studio Version 16
VisualStudioVersion = 16.0.32002.261
MinimumVisualStudioVersion = 10.0.40219.1
Project("{FAE04EC0-301F-11D3-BF4B-00C04F79EFBC}") = "Address-Book-Problem", "Address-Book-Problem\Address-Book-Problem.csproj", "{52EEDFFA-3FDB-439A-AE34-E07339C4C73E}"
EndProject
Global
	GlobalSection(SolutionConfigurationPlatforms) = preSolution
		Debug|Any CPU = Debug|Any CPU
		Release|Any CPU = Release|Any CPU
	EndGlobalSection
	GlobalSection(ProjectConfigurationPlatforms) = postSolution
		{52EEDFFA-3FDB-439A-AE34-E07339C4C73E}.Debug|Any CPU.ActiveCfg = Debug|Any CPU
		{52EEDFFA-3FDB-439A-AE34-E07339C4C73E}.Debug|Any CPU.Build.0 = Debug|Any CPU
		{52EEDFFA-3FDB-439A-AE34-E07339C4C73E}.Release|Any CPU.ActiveCfg = Release|Any CPU
		{52EEDFFA-3FDB-439A-AE34-E07339C4C73E}.Release|Any CPU.Build.0 = Release|Any CPU
	EndGlobalSection
	GlobalSection(SolutionProperties) = preSolution
		HideSolutionNode = FALSE
	EndGlobalSection
	GlobalSection(ExtensibilityGlobals) = postSolution
		SolutionGuid = {51B8D228-8197-42C7-9EF4-D821176A158A}
	EndGlobalSection
EndGlobal
